// !$*UTF8*$!
{
	archiveVersion = 1;
	classes = {
	};
	objectVersion = 50;
	objects = {

/* Begin PBXBuildFile section */
		E48FA17725912EF2002CBB0E /* OrderListView.swift in Sources */ = {isa = PBXBuildFile; fileRef = E48FA17625912EF2002CBB0E /* OrderListView.swift */; };
		E48FA17A259132EA002CBB0E /* MenuListView.swift in Sources */ = {isa = PBXBuildFile; fileRef = E48FA179259132EA002CBB0E /* MenuListView.swift */; };
		E48FA17D25913403002CBB0E /* ContentHeaderView.swift in Sources */ = {isa = PBXBuildFile; fileRef = E48FA17C25913403002CBB0E /* ContentHeaderView.swift */; };
		E48FA18025931586002CBB0E /* OrderRowView.swift in Sources */ = {isa = PBXBuildFile; fileRef = E48FA17F25931586002CBB0E /* OrderRowView.swift */; };
		E48FA1832594EF1B002CBB0E /* MenuRowView.swift in Sources */ = {isa = PBXBuildFile; fileRef = E48FA1822594EF1B002CBB0E /* MenuRowView.swift */; };
		E48FA1862594EFA3002CBB0E /* RatingsView.swift in Sources */ = {isa = PBXBuildFile; fileRef = E48FA1852594EFA3002CBB0E /* RatingsView.swift */; };
		E48FA1892594F21A002CBB0E /* PageTitleView.swift in Sources */ = {isa = PBXBuildFile; fileRef = E48FA1882594F21A002CBB0E /* PageTitleView.swift */; };
		E48FA18D2594F6CE002CBB0E /* HistoryView.swift in Sources */ = {isa = PBXBuildFile; fileRef = E48FA18C2594F6CE002CBB0E /* HistoryView.swift */; };
		E48FA1912594F7F8002CBB0E /* HistoryListView.swift in Sources */ = {isa = PBXBuildFile; fileRef = E48FA1902594F7F8002CBB0E /* HistoryListView.swift */; };
		E48FA1982594F8EF002CBB0E /* HistoryRowView.swift in Sources */ = {isa = PBXBuildFile; fileRef = E48FA1972594F8EF002CBB0E /* HistoryRowView.swift */; };
		E48FA1A025951E13002CBB0E /* ListHeaderView.swift in Sources */ = {isa = PBXBuildFile; fileRef = E48FA19F25951E13002CBB0E /* ListHeaderView.swift */; };
		E48FA1A6259565B6002CBB0E /* Avenir.ttc in Resources */ = {isa = PBXBuildFile; fileRef = E48FA1A5259565B6002CBB0E /* Avenir.ttc */; };
		E48FA1AC259836E5002CBB0E /* SelectedImageView.swift in Sources */ = {isa = PBXBuildFile; fileRef = E48FA1AB259836E5002CBB0E /* SelectedImageView.swift */; };
		E4B1EE19258C400F00133C0C /* HuliPizzaApp.swift in Sources */ = {isa = PBXBuildFile; fileRef = E4B1EE18258C400F00133C0C /* HuliPizzaApp.swift */; };
		E4B1EE1B258C400F00133C0C /* ContentView.swift in Sources */ = {isa = PBXBuildFile; fileRef = E4B1EE1A258C400F00133C0C /* ContentView.swift */; };
		E4B1EE1D258C401000133C0C /* Assets.xcassets in Resources */ = {isa = PBXBuildFile; fileRef = E4B1EE1C258C401000133C0C /* Assets.xcassets */; };
		E4B1EE20258C401000133C0C /* Preview Assets.xcassets in Resources */ = {isa = PBXBuildFile; fileRef = E4B1EE1F258C401000133C0C /* Preview Assets.xcassets */; };
/* End PBXBuildFile section */

/* Begin PBXFileReference section */
		E48FA17625912EF2002CBB0E /* OrderListView.swift */ = {isa = PBXFileReference; lastKnownFileType = sourcecode.swift; path = OrderListView.swift; sourceTree = "<group>"; };
		E48FA179259132EA002CBB0E /* MenuListView.swift */ = {isa = PBXFileReference; lastKnownFileType = sourcecode.swift; path = MenuListView.swift; sourceTree = "<group>"; };
		E48FA17C25913403002CBB0E /* ContentHeaderView.swift */ = {isa = PBXFileReference; lastKnownFileType = sourcecode.swift; path = ContentHeaderView.swift; sourceTree = "<group>"; };
		E48FA17F25931586002CBB0E /* OrderRowView.swift */ = {isa = PBXFileReference; lastKnownFileType = sourcecode.swift; path = OrderRowView.swift; sourceTree = "<group>"; };
		E48FA1822594EF1B002CBB0E /* MenuRowView.swift */ = {isa = PBXFileReference; lastKnownFileType = sourcecode.swift; path = MenuRowView.swift; sourceTree = "<group>"; };
		E48FA1852594EFA3002CBB0E /* RatingsView.swift */ = {isa = PBXFileReference; lastKnownFileType = sourcecode.swift; path = RatingsView.swift; sourceTree = "<group>"; };
		E48FA1882594F21A002CBB0E /* PageTitleView.swift */ = {isa = PBXFileReference; lastKnownFileType = sourcecode.swift; path = PageTitleView.swift; sourceTree = "<group>"; };
		E48FA18C2594F6CE002CBB0E /* HistoryView.swift */ = {isa = PBXFileReference; lastKnownFileType = sourcecode.swift; path = HistoryView.swift; sourceTree = "<group>"; };
		E48FA1902594F7F8002CBB0E /* HistoryListView.swift */ = {isa = PBXFileReference; lastKnownFileType = sourcecode.swift; path = HistoryListView.swift; sourceTree = "<group>"; };
		E48FA1972594F8EF002CBB0E /* HistoryRowView.swift */ = {isa = PBXFileReference; lastKnownFileType = sourcecode.swift; path = HistoryRowView.swift; sourceTree = "<group>"; };
		E48FA19F25951E13002CBB0E /* ListHeaderView.swift */ = {isa = PBXFileReference; lastKnownFileType = sourcecode.swift; path = ListHeaderView.swift; sourceTree = "<group>"; };
		E48FA1A5259565B6002CBB0E /* Avenir.ttc */ = {isa = PBXFileReference; lastKnownFileType = file; path = Avenir.ttc; sourceTree = "<group>"; };
		E48FA1AB259836E5002CBB0E /* SelectedImageView.swift */ = {isa = PBXFileReference; lastKnownFileType = sourcecode.swift; path = SelectedImageView.swift; sourceTree = "<group>"; };
		E4B1EE15258C400F00133C0C /* HuliPizza.app */ = {isa = PBXFileReference; explicitFileType = wrapper.application; includeInIndex = 0; path = HuliPizza.app; sourceTree = BUILT_PRODUCTS_DIR; };
		E4B1EE18258C400F00133C0C /* HuliPizzaApp.swift */ = {isa = PBXFileReference; lastKnownFileType = sourcecode.swift; path = HuliPizzaApp.swift; sourceTree = "<group>"; };
		E4B1EE1A258C400F00133C0C /* ContentView.swift */ = {isa = PBXFileReference; lastKnownFileType = sourcecode.swift; path = ContentView.swift; sourceTree = "<group>"; };
		E4B1EE1C258C401000133C0C /* Assets.xcassets */ = {isa = PBXFileReference; lastKnownFileType = folder.assetcatalog; path = Assets.xcassets; sourceTree = "<group>"; };
		E4B1EE1F258C401000133C0C /* Preview Assets.xcassets */ = {isa = PBXFileReference; lastKnownFileType = folder.assetcatalog; path = "Preview Assets.xcassets"; sourceTree = "<group>"; };
		E4B1EE21258C401000133C0C /* Info.plist */ = {isa = PBXFileReference; lastKnownFileType = text.plist.xml; path = Info.plist; sourceTree = "<group>"; };
/* End PBXFileReference section */

/* Begin PBXFrameworksBuildPhase section */
		E4B1EE12258C400F00133C0C /* Frameworks */ = {
			isa = PBXFrameworksBuildPhase;
			buildActionMask = 2147483647;
			files = (
			);
			runOnlyForDeploymentPostprocessing = 0;
		};
/* End PBXFrameworksBuildPhase section */

/* Begin PBXGroup section */
		E48FA17225912DF3002CBB0E /* HistoryView */ = {
			isa = PBXGroup;
			children = (
				E48FA18C2594F6CE002CBB0E /* HistoryView.swift */,
				E48FA1902594F7F8002CBB0E /* HistoryListView.swift */,
				E48FA1972594F8EF002CBB0E /* HistoryRowView.swift */,
			);
			path = HistoryView;
			sourceTree = "<group>";
		};
		E48FA17325912E24002CBB0E /* Model */ = {
			isa = PBXGroup;
			children = (
			);
			path = Model;
			sourceTree = "<group>";
		};
		E48FA17425912E44002CBB0E /* MenuView */ = {
			isa = PBXGroup;
			children = (
				E48FA179259132EA002CBB0E /* MenuListView.swift */,
				E48FA1822594EF1B002CBB0E /* MenuRowView.swift */,
				E48FA1852594EFA3002CBB0E /* RatingsView.swift */,
			);
			path = MenuView;
			sourceTree = "<group>";
		};
		E48FA17525912E63002CBB0E /* OrderView */ = {
			isa = PBXGroup;
			children = (
				E48FA17625912EF2002CBB0E /* OrderListView.swift */,
				E48FA17F25931586002CBB0E /* OrderRowView.swift */,
			);
			path = OrderView;
			sourceTree = "<group>";
		};
		E4B1EE0C258C400F00133C0C = {
			isa = PBXGroup;
			children = (
				E4B1EE17258C400F00133C0C /* HuliPizza */,
				E4B1EE16258C400F00133C0C /* Products */,
			);
			sourceTree = "<group>";
		};
		E4B1EE16258C400F00133C0C /* Products */ = {
			isa = PBXGroup;
			children = (
				E4B1EE15258C400F00133C0C /* HuliPizza.app */,
			);
			name = Products;
			sourceTree = "<group>";
		};
		E4B1EE17258C400F00133C0C /* HuliPizza */ = {
			isa = PBXGroup;
			children = (
				E4B1EE1A258C400F00133C0C /* ContentView.swift */,
				E48FA17C25913403002CBB0E /* ContentHeaderView.swift */,
				E48FA1882594F21A002CBB0E /* PageTitleView.swift */,
				E48FA19F25951E13002CBB0E /* ListHeaderView.swift */,
				E48FA1AB259836E5002CBB0E /* SelectedImageView.swift */,
				E48FA1A5259565B6002CBB0E /* Avenir.ttc */,
				E48FA17525912E63002CBB0E /* OrderView */,
				E48FA17425912E44002CBB0E /* MenuView */,
				E48FA17325912E24002CBB0E /* Model */,
				E48FA17225912DF3002CBB0E /* HistoryView */,
				E4B1EE18258C400F00133C0C /* HuliPizzaApp.swift */,
				E4B1EE1C258C401000133C0C /* Assets.xcassets */,
				E4B1EE21258C401000133C0C /* Info.plist */,
				E4B1EE1E258C401000133C0C /* Preview Content */,
			);
			path = HuliPizza;
			sourceTree = "<group>";
		};
		E4B1EE1E258C401000133C0C /* Preview Content */ = {
			isa = PBXGroup;
			children = (
				E4B1EE1F258C401000133C0C /* Preview Assets.xcassets */,
			);
			path = "Preview Content";
			sourceTree = "<group>";
		};
/* End PBXGroup section */

/* Begin PBXNativeTarget section */
		E4B1EE14258C400F00133C0C /* HuliPizza */ = {
			isa = PBXNativeTarget;
			buildConfigurationList = E4B1EE24258C401000133C0C /* Build configuration list for PBXNativeTarget "HuliPizza" */;
			buildPhases = (
				E4B1EE11258C400F00133C0C /* Sources */,
				E4B1EE12258C400F00133C0C /* Frameworks */,
				E4B1EE13258C400F00133C0C /* Resources */,
			);
			buildRules = (
			);
			dependencies = (
			);
			name = HuliPizza;
			productName = HuliPizza;
			productReference = E4B1EE15258C400F00133C0C /* HuliPizza.app */;
			productType = "com.apple.product-type.application";
		};
/* End PBXNativeTarget section */

/* Begin PBXProject section */
		E4B1EE0D258C400F00133C0C /* Project object */ = {
			isa = PBXProject;
			attributes = {
				LastSwiftUpdateCheck = 1230;
				LastUpgradeCheck = 1230;
				TargetAttributes = {
					E4B1EE14258C400F00133C0C = {
						CreatedOnToolsVersion = 12.3;
					};
				};
			};
			buildConfigurationList = E4B1EE10258C400F00133C0C /* Build configuration list for PBXProject "HuliPizza" */;
			compatibilityVersion = "Xcode 9.3";
			developmentRegion = en;
			hasScannedForEncodings = 0;
			knownRegions = (
				en,
				Base,
			);
			mainGroup = E4B1EE0C258C400F00133C0C;
			productRefGroup = E4B1EE16258C400F00133C0C /* Products */;
			projectDirPath = "";
			projectRoot = "";
			targets = (
				E4B1EE14258C400F00133C0C /* HuliPizza */,
			);
		};
/* End PBXProject section */

/* Begin PBXResourcesBuildPhase section */
		E4B1EE13258C400F00133C0C /* Resources */ = {
			isa = PBXResourcesBuildPhase;
			buildActionMask = 2147483647;
			files = (
				E4B1EE20258C401000133C0C /* Preview Assets.xcassets in Resources */,
				E4B1EE1D258C401000133C0C /* Assets.xcassets in Resources */,
				E48FA1A6259565B6002CBB0E /* Avenir.ttc in Resources */,
			);
			runOnlyForDeploymentPostprocessing = 0;
		};
/* End PBXResourcesBuildPhase section */

/* Begin PBXSourcesBuildPhase section */
		E4B1EE11258C400F00133C0C /* Sources */ = {
			isa = PBXSourcesBuildPhase;
			buildActionMask = 2147483647;
			files = (
				E48FA1982594F8EF002CBB0E /* HistoryRowView.swift in Sources */,
				E48FA18025931586002CBB0E /* OrderRowView.swift in Sources */,
				E48FA17D25913403002CBB0E /* ContentHeaderView.swift in Sources */,
				E48FA18D2594F6CE002CBB0E /* HistoryView.swift in Sources */,
				E4B1EE1B258C400F00133C0C /* ContentView.swift in Sources */,
				E48FA17A259132EA002CBB0E /* MenuListView.swift in Sources */,
				E4B1EE19258C400F00133C0C /* HuliPizzaApp.swift in Sources */,
				E48FA1AC259836E5002CBB0E /* SelectedImageView.swift in Sources */,
				E48FA1832594EF1B002CBB0E /* MenuRowView.swift in Sources */,
				E48FA1892594F21A002CBB0E /* PageTitleView.swift in Sources */,
				E48FA17725912EF2002CBB0E /* OrderListView.swift in Sources */,
				E48FA1A025951E13002CBB0E /* ListHeaderView.swift in Sources */,
				E48FA1862594EFA3002CBB0E /* RatingsView.swift in Sources */,
				E48FA1912594F7F8002CBB0E /* HistoryListView.swift in Sources */,
			);
			runOnlyForDeploymentPostprocessing = 0;
		};
/* End PBXSourcesBuildPhase section */

/* Begin XCBuildConfiguration section */
		E4B1EE22258C401000133C0C /* Debug */ = {
			isa = XCBuildConfiguration;
			buildSettings = {
				ALWAYS_SEARCH_USER_PATHS = NO;
				CLANG_ANALYZER_NONNULL = YES;
				CLANG_ANALYZER_NUMBER_OBJECT_CONVERSION = YES_AGGRESSIVE;
				CLANG_CXX_LANGUAGE_STANDARD = "gnu++14";
				CLANG_CXX_LIBRARY = "libc++";
				CLANG_ENABLE_MODULES = YES;
				CLANG_ENABLE_OBJC_ARC = YES;
				CLANG_ENABLE_OBJC_WEAK = YES;
				CLANG_WARN_BLOCK_CAPTURE_AUTORELEASING = YES;
				CLANG_WARN_BOOL_CONVERSION = YES;
				CLANG_WARN_COMMA = YES;
				CLANG_WARN_CONSTANT_CONVERSION = YES;
				CLANG_WARN_DEPRECATED_OBJC_IMPLEMENTATIONS = YES;
				CLANG_WARN_DIRECT_OBJC_ISA_USAGE = YES_ERROR;
				CLANG_WARN_DOCUMENTATION_COMMENTS = YES;
				CLANG_WARN_EMPTY_BODY = YES;
				CLANG_WARN_ENUM_CONVERSION = YES;
				CLANG_WARN_INFINITE_RECURSION = YES;
				CLANG_WARN_INT_CONVERSION = YES;
				CLANG_WARN_NON_LITERAL_NULL_CONVERSION = YES;
				CLANG_WARN_OBJC_IMPLICIT_RETAIN_SELF = YES;
				CLANG_WARN_OBJC_LITERAL_CONVERSION = YES;
				CLANG_WARN_OBJC_ROOT_CLASS = YES_ERROR;
				CLANG_WARN_QUOTED_INCLUDE_IN_FRAMEWORK_HEADER = YES;
				CLANG_WARN_RANGE_LOOP_ANALYSIS = YES;
				CLANG_WARN_STRICT_PROTOTYPES = YES;
				CLANG_WARN_SUSPICIOUS_MOVE = YES;
				CLANG_WARN_UNGUARDED_AVAILABILITY = YES_AGGRESSIVE;
				CLANG_WARN_UNREACHABLE_CODE = YES;
				CLANG_WARN__DUPLICATE_METHOD_MATCH = YES;
				COPY_PHASE_STRIP = NO;
				DEBUG_INFORMATION_FORMAT = dwarf;
				ENABLE_STRICT_OBJC_MSGSEND = YES;
				ENABLE_TESTABILITY = YES;
				GCC_C_LANGUAGE_STANDARD = gnu11;
				GCC_DYNAMIC_NO_PIC = NO;
				GCC_NO_COMMON_BLOCKS = YES;
				GCC_OPTIMIZATION_LEVEL = 0;
				GCC_PREPROCESSOR_DEFINITIONS = (
					"DEBUG=1",
					"$(inherited)",
				);
				GCC_WARN_64_TO_32_BIT_CONVERSION = YES;
				GCC_WARN_ABOUT_RETURN_TYPE = YES_ERROR;
				GCC_WARN_UNDECLARED_SELECTOR = YES;
				GCC_WARN_UNINITIALIZED_AUTOS = YES_AGGRESSIVE;
				GCC_WARN_UNUSED_FUNCTION = YES;
				GCC_WARN_UNUSED_VARIABLE = YES;
				IPHONEOS_DEPLOYMENT_TARGET = 14.3;
				MTL_ENABLE_DEBUG_INFO = INCLUDE_SOURCE;
				MTL_FAST_MATH = YES;
				ONLY_ACTIVE_ARCH = YES;
				SDKROOT = iphoneos;
				SWIFT_ACTIVE_COMPILATION_CONDITIONS = DEBUG;
				SWIFT_OPTIMIZATION_LEVEL = "-Onone";
			};
			name = Debug;
		};
		E4B1EE23258C401000133C0C /* Release */ = {
			isa = XCBuildConfiguration;
			buildSettings = {
				ALWAYS_SEARCH_USER_PATHS = NO;
				CLANG_ANALYZER_NONNULL = YES;
				CLANG_ANALYZER_NUMBER_OBJECT_CONVERSION = YES_AGGRESSIVE;
				CLANG_CXX_LANGUAGE_STANDARD = "gnu++14";
				CLANG_CXX_LIBRARY = "libc++";
				CLANG_ENABLE_MODULES = YES;
				CLANG_ENABLE_OBJC_ARC = YES;
				CLANG_ENABLE_OBJC_WEAK = YES;
				CLANG_WARN_BLOCK_CAPTURE_AUTORELEASING = YES;
				CLANG_WARN_BOOL_CONVERSION = YES;
				CLANG_WARN_COMMA = YES;
				CLANG_WARN_CONSTANT_CONVERSION = YES;
				CLANG_WARN_DEPRECATED_OBJC_IMPLEMENTATIONS = YES;
				CLANG_WARN_DIRECT_OBJC_ISA_USAGE = YES_ERROR;
				CLANG_WARN_DOCUMENTATION_COMMENTS = YES;
				CLANG_WARN_EMPTY_BODY = YES;
				CLANG_WARN_ENUM_CONVERSION = YES;
				CLANG_WARN_INFINITE_RECURSION = YES;
				CLANG_WARN_INT_CONVERSION = YES;
				CLANG_WARN_NON_LITERAL_NULL_CONVERSION = YES;
				CLANG_WARN_OBJC_IMPLICIT_RETAIN_SELF = YES;
				CLANG_WARN_OBJC_LITERAL_CONVERSION = YES;
				CLANG_WARN_OBJC_ROOT_CLASS = YES_ERROR;
				CLANG_WARN_QUOTED_INCLUDE_IN_FRAMEWORK_HEADER = YES;
				CLANG_WARN_RANGE_LOOP_ANALYSIS = YES;
				CLANG_WARN_STRICT_PROTOTYPES = YES;
				CLANG_WARN_SUSPICIOUS_MOVE = YES;
				CLANG_WARN_UNGUARDED_AVAILABILITY = YES_AGGRESSIVE;
				CLANG_WARN_UNREACHABLE_CODE = YES;
				CLANG_WARN__DUPLICATE_METHOD_MATCH = YES;
				COPY_PHASE_STRIP = NO;
				DEBUG_INFORMATION_FORMAT = "dwarf-with-dsym";
				ENABLE_NS_ASSERTIONS = NO;
				ENABLE_STRICT_OBJC_MSGSEND = YES;
				GCC_C_LANGUAGE_STANDARD = gnu11;
				GCC_NO_COMMON_BLOCKS = YES;
				GCC_WARN_64_TO_32_BIT_CONVERSION = YES;
				GCC_WARN_ABOUT_RETURN_TYPE = YES_ERROR;
				GCC_WARN_UNDECLARED_SELECTOR = YES;
				GCC_WARN_UNINITIALIZED_AUTOS = YES_AGGRESSIVE;
				GCC_WARN_UNUSED_FUNCTION = YES;
				GCC_WARN_UNUSED_VARIABLE = YES;
				IPHONEOS_DEPLOYMENT_TARGET = 14.3;
				MTL_ENABLE_DEBUG_INFO = NO;
				MTL_FAST_MATH = YES;
				SDKROOT = iphoneos;
				SWIFT_COMPILATION_MODE = wholemodule;
				SWIFT_OPTIMIZATION_LEVEL = "-O";
				VALIDATE_PRODUCT = YES;
			};
			name = Release;
		};
		E4B1EE25258C401000133C0C /* Debug */ = {
			isa = XCBuildConfiguration;
			buildSettings = {
				ASSETCATALOG_COMPILER_APPICON_NAME = AppIcon;
				ASSETCATALOG_COMPILER_GLOBAL_ACCENT_COLOR_NAME = AccentColor;
				CODE_SIGN_STYLE = Automatic;
				DEVELOPMENT_ASSET_PATHS = "\"HuliPizza/Preview Content\"";
				DEVELOPMENT_TEAM = 47Y239568B;
				ENABLE_PREVIEWS = YES;
				INFOPLIST_FILE = HuliPizza/Info.plist;
				IPHONEOS_DEPLOYMENT_TARGET = 14.0;
				LD_RUNPATH_SEARCH_PATHS = (
					"$(inherited)",
					"@executable_path/Frameworks",
				);
				PRODUCT_BUNDLE_IDENTIFIER = net.gregoryshields.HuliPizza;
				PRODUCT_NAME = "$(TARGET_NAME)";
				SWIFT_VERSION = 5.0;
				TARGETED_DEVICE_FAMILY = "1,2";
			};
			name = Debug;
		};
		E4B1EE26258C401000133C0C /* Release */ = {
			isa = XCBuildConfiguration;
			buildSettings = {
				ASSETCATALOG_COMPILER_APPICON_NAME = AppIcon;
				ASSETCATALOG_COMPILER_GLOBAL_ACCENT_COLOR_NAME = AccentColor;
				CODE_SIGN_STYLE = Automatic;
				DEVELOPMENT_ASSET_PATHS = "\"HuliPizza/Preview Content\"";
				DEVELOPMENT_TEAM = 47Y239568B;
				ENABLE_PREVIEWS = YES;
				INFOPLIST_FILE = HuliPizza/Info.plist;
				IPHONEOS_DEPLOYMENT_TARGET = 14.0;
				LD_RUNPATH_SEARCH_PATHS = (
					"$(inherited)",
					"@executable_path/Frameworks",
				);
				PRODUCT_BUNDLE_IDENTIFIER = net.gregoryshields.HuliPizza;
				PRODUCT_NAME = "$(TARGET_NAME)";
				SWIFT_VERSION = 5.0;
				TARGETED_DEVICE_FAMILY = "1,2";
			};
			name = Release;
		};
/* End XCBuildConfiguration section */

/* Begin XCConfigurationList section */
		E4B1EE10258C400F00133C0C /* Build configuration list for PBXProject "HuliPizza" */ = {
			isa = XCConfigurationList;
			buildConfigurations = (
				E4B1EE22258C401000133C0C /* Debug */,
				E4B1EE23258C401000133C0C /* Release */,
			);
			defaultConfigurationIsVisible = 0;
			defaultConfigurationName = Release;
		};
		E4B1EE24258C401000133C0C /* Build configuration list for PBXNativeTarget "HuliPizza" */ = {
			isa = XCConfigurationList;
			buildConfigurations = (
				E4B1EE25258C401000133C0C /* Debug */,
				E4B1EE26258C401000133C0C /* Release */,
			);
			defaultConfigurationIsVisible = 0;
			defaultConfigurationName = Release;
		};
/* End XCConfigurationList section */
	};
	rootObject = E4B1EE0D258C400F00133C0C /* Project object */;
}
